
Microsoft Visual Studio Solution File, Format Version 12.00
# Visual Studio 15
Project("{FAE04EC0-301F-11D3-BF4B-00C04F79EFBC}") = "UnityEngine.TestRunner", "UnityEngine.TestRunner.csproj", "{A9282EC8-5628-4847-0E7C-95321D74D869}"
EndProject
Project("{FAE04EC0-301F-11D3-BF4B-00C04F79EFBC}") = "Unity.Mathematics", "Unity.Mathematics.csproj", "{AD0D7226-0D81-783B-3781-3209533AA82D}"
EndProject
Project("{FAE04EC0-301F-11D3-BF4B-00C04F79EFBC}") = "Unity.2D.Animation.Triangle.Runtime", "Unity.2D.Animation.Triangle.Runtime.csproj", "{EA18025D-9327-FE27-3F60-E58107460965}"
EndProject
Project("{FAE04EC0-301F-11D3-BF4B-00C04F79EFBC}") = "Unity.Timeline", "Unity.Timeline.csproj", "{2667FCE4-CCB2-12B0-5CC3-4CEFE85A72EB}"
EndProject
Project("{FAE04EC0-301F-11D3-BF4B-00C04F79EFBC}") = "UnityEngine.UI", "UnityEngine.UI.csproj", "{2BCD4A29-6192-523A-BCBC-A31E8A5B0F89}"
EndProject
Project("{FAE04EC0-301F-11D3-BF4B-00C04F79EFBC}") = "Unity.TextMeshPro", "Unity.TextMeshPro.csproj", "{20F39F9F-CC1B-8F78-B1A0-39A87237B206}"
EndProject
Project("{FAE04EC0-301F-11D3-BF4B-00C04F79EFBC}") = "Unity.2D.Animation.Runtime", "Unity.2D.Animation.Runtime.csproj", "{CA31B564-C8D0-3A1B-9765-5BEFA29ECDD3}"
EndProject
Project("{FAE04EC0-301F-11D3-BF4B-00C04F79EFBC}") = "Assembly-CSharp", "Assembly-CSharp.csproj", "{9AC8BEB6-3E81-C413-FCE7-EEB044365F7F}"
EndProject
Project("{FAE04EC0-301F-11D3-BF4B-00C04F79EFBC}") = "Unity.2D.IK.Runtime", "Unity.2D.IK.Runtime.csproj", "{EE9FCEEC-86DF-705E-6C99-E6D506445A3B}"
EndProject
Project("{FAE04EC0-301F-11D3-BF4B-00C04F79EFBC}") = "Unity.2D.SpriteShape.Runtime", "Unity.2D.SpriteShape.Runtime.csproj", "{97E2B601-E58A-52F7-94F3-2B04A6A79A95}"
EndProject
Project("{FAE04EC0-301F-11D3-BF4B-00C04F79EFBC}") = "Unity.2D.PixelPerfect", "Unity.2D.PixelPerfect.csproj", "{CD4C9C37-549D-8FE5-66AC-FB843AC54FFF}"
EndProject
Project("{FAE04EC0-301F-11D3-BF4B-00C04F79EFBC}") = "Unity.2D.Common.Runtime", "Unity.2D.Common.Runtime.csproj", "{34B3EA83-F68A-D07A-0103-1CD3B8C5FC19}"
EndProject
Project("{FAE04EC0-301F-11D3-BF4B-00C04F79EFBC}") = "Unity.InternalAPIEngineBridge.001", "Unity.InternalAPIEngineBridge.001.csproj", "{D0CBDE37-4F1F-93FE-B608-343A18ACC0F9}"
EndProject
Project("{FAE04EC0-301F-11D3-BF4B-00C04F79EFBC}") = "UnityEditor.TestRunner", "UnityEditor.TestRunner.csproj", "{9B3A1DEA-6459-16D9-3466-C21E7FA9B024}"
EndProject
Project("{FAE04EC0-301F-11D3-BF4B-00C04F79EFBC}") = "Unity.PlasticSCM.Editor", "Unity.PlasticSCM.Editor.csproj", "{8D8C121C-537F-C3DF-9CA5-A6EFA5B825FF}"
EndProject
Project("{FAE04EC0-301F-11D3-BF4B-00C04F79EFBC}") = "com.unity.quicksearch", "com.unity.quicksearch.csproj", "{88FE8F52-FAB3-6047-3A76-10EDE1A77ADF}"
EndProject
Project("{FAE04EC0-301F-11D3-BF4B-00C04F79EFBC}") = "UnityEditor.UI", "UnityEditor.UI.csproj", "{F07D918B-FC2E-022C-34BA-4D83A3963E08}"
EndProject
Project("{FAE04EC0-301F-11D3-BF4B-00C04F79EFBC}") = "Unity.Services.Core.Editor", "Unity.Services.Core.Editor.csproj", "{979C0253-02AA-3FF2-6F5C-66F3488617C0}"
EndProject
Project("{FAE04EC0-301F-11D3-BF4B-00C04F79EFBC}") = "Unity.Timeline.Editor", "Unity.Timeline.Editor.csproj", "{D7748FB6-4782-2CE7-C48C-C92E86178697}"
EndProject
Project("{FAE04EC0-301F-11D3-BF4B-00C04F79EFBC}") = "Unity.VisualStudio.Editor", "Unity.VisualStudio.Editor.csproj", "{DED05CAA-C8CC-6F7F-B96D-8D876D99B02B}"
EndProject
Project("{FAE04EC0-301F-11D3-BF4B-00C04F79EFBC}") = "Unity.2D.Psdimporter.Editor", "Unity.2D.Psdimporter.Editor.csproj", "{19D9AF6B-DF9D-7A25-D8A5-20D2F388AD41}"
EndProject
Project("{FAE04EC0-301F-11D3-BF4B-00C04F79EFBC}") = "Unity.2D.Animation.Editor", "Unity.2D.Animation.Editor.csproj", "{396AF1A4-DE56-6C7D-EAD7-0CC829CBDA02}"
EndProject
Project("{FAE04EC0-301F-11D3-BF4B-00C04F79EFBC}") = "Unity.TextMeshPro.Editor", "Unity.TextMeshPro.Editor.csproj", "{8FDBCC8B-0223-8E2D-EA3E-54C96BBA685C}"
EndProject
Project("{FAE04EC0-301F-11D3-BF4B-00C04F79EFBC}") = "Unity.2D.SpriteShape.Editor", "Unity.2D.SpriteShape.Editor.csproj", "{E247B275-C6B3-3E29-D056-2B25DDDBC8FD}"
EndProject
Project("{FAE04EC0-301F-11D3-BF4B-00C04F79EFBC}") = "Unity.CollabProxy.Editor", "Unity.CollabProxy.Editor.csproj", "{3CF201B2-F65E-EAAC-FFDF-2DD01F9F43B5}"
EndProject
Project("{FAE04EC0-301F-11D3-BF4B-00C04F79EFBC}") = "PsdPlugin", "PsdPlugin.csproj", "{D912AA88-CFE0-28A2-2E08-989CD83E5F9E}"
EndProject
Project("{FAE04EC0-301F-11D3-BF4B-00C04F79EFBC}") = "Unity.2D.Path.Editor", "Unity.2D.Path.Editor.csproj", "{7E1F180B-690D-51A1-8333-20848A9A1BBE}"
EndProject
Project("{FAE04EC0-301F-11D3-BF4B-00C04F79EFBC}") = "Unity.Rider.Editor", "Unity.Rider.Editor.csproj", "{6231F332-04DB-4929-8CAE-A58F2706EF6F}"
EndProject
Project("{FAE04EC0-301F-11D3-BF4B-00C04F79EFBC}") = "Unity.2D.IK.Editor", "Unity.2D.IK.Editor.csproj", "{98A83FF7-E483-F6E6-9CDB-C9CF33833DA8}"
EndProject
Project("{FAE04EC0-301F-11D3-BF4B-00C04F79EFBC}") = "Unity.2D.Sprite.Editor", "Unity.2D.Sprite.Editor.csproj", "{1EB8E2A8-96F0-A78A-A1D6-9D3CBDF24310}"
EndProject
Project("{FAE04EC0-301F-11D3-BF4B-00C04F79EFBC}") = "Unity.2D.Tilemap.Editor", "Unity.2D.Tilemap.Editor.csproj", "{5A2299BB-44D2-83E7-55A1-D455580BB5F4}"
EndProject
Project("{FAE04EC0-301F-11D3-BF4B-00C04F79EFBC}") = "Unity.2D.PixelPerfect.Editor", "Unity.2D.PixelPerfect.Editor.csproj", "{2330F0F2-AAC0-1F2A-946D-8CDDF10E5A1B}"
EndProject
Project("{FAE04EC0-301F-11D3-BF4B-00C04F79EFBC}") = "Unity.VSCode.Editor", "Unity.VSCode.Editor.csproj", "{E08ADCC4-5C15-B9E6-380C-02F25B1CBC89}"
EndProject
Project("{FAE04EC0-301F-11D3-BF4B-00C04F79EFBC}") = "Unity.2D.Common.Editor", "Unity.2D.Common.Editor.csproj", "{7E213E90-FB92-DBA3-D784-58E7FFD131FC}"
EndProject
Project("{FAE04EC0-301F-11D3-BF4B-00C04F79EFBC}") = "Unity.Mathematics.Editor", "Unity.Mathematics.Editor.csproj", "{2E7BFAF8-6338-26E6-E602-9B3034C02316}"
EndProject
Project("{FAE04EC0-301F-11D3-BF4B-00C04F79EFBC}") = "Unity.InternalAPIEditorBridge.001", "Unity.InternalAPIEditorBridge.001.csproj", "{46056296-16A6-017E-B62D-1647DB78C736}"
EndProject
Project("{FAE04EC0-301F-11D3-BF4B-00C04F79EFBC}") = "Unity.SysrootPackage.Editor", "Unity.SysrootPackage.Editor.csproj", "{C479E82A-A2E1-C07C-716A-D63E6D04A09B}"
EndProject
Project("{FAE04EC0-301F-11D3-BF4B-00C04F79EFBC}") = "Unity.Toolchain.Win-x86_64-Linux-x86_64", "Unity.Toolchain.Win-x86_64-Linux-x86_64.csproj", "{1F1ACD15-8344-5148-09A5-6AF66E2986E1}"
EndProject
Project("{FAE04EC0-301F-11D3-BF4B-00C04F79EFBC}") = "Unity.Sysroot.Linux_x86_64", "Unity.Sysroot.Linux_x86_64.csproj", "{589388BB-7773-0D7D-4F76-713BF9207E96}"
EndProject
Global
	GlobalSection(SolutionConfigurationPlatforms) = preSolution
		Debug|Any CPU = Debug|Any CPU
		Release|Any CPU = Release|Any CPU
	EndGlobalSection
	GlobalSection(ProjectConfigurationPlatforms) = postSolution
		{A9282EC8-5628-4847-0E7C-95321D74D869}.Debug|Any CPU.ActiveCfg = Debug|Any CPU
		{A9282EC8-5628-4847-0E7C-95321D74D869}.Debug|Any CPU.Build.0 = Debug|Any CPU
		{A9282EC8-5628-4847-0E7C-95321D74D869}.Release|Any CPU.ActiveCfg = Release|Any CPU
		{A9282EC8-5628-4847-0E7C-95321D74D869}.Release|Any CPU.Build.0 = Release|Any CPU
		{AD0D7226-0D81-783B-3781-3209533AA82D}.Debug|Any CPU.ActiveCfg = Debug|Any CPU
		{AD0D7226-0D81-783B-3781-3209533AA82D}.Debug|Any CPU.Build.0 = Debug|Any CPU
		{AD0D7226-0D81-783B-3781-3209533AA82D}.Release|Any CPU.ActiveCfg = Release|Any CPU
		{AD0D7226-0D81-783B-3781-3209533AA82D}.Release|Any CPU.Build.0 = Release|Any CPU
		{EA18025D-9327-FE27-3F60-E58107460965}.Debug|Any CPU.ActiveCfg = Debug|Any CPU
		{EA18025D-9327-FE27-3F60-E58107460965}.Debug|Any CPU.Build.0 = Debug|Any CPU
		{EA18025D-9327-FE27-3F60-E58107460965}.Release|Any CPU.ActiveCfg = Release|Any CPU
		{EA18025D-9327-FE27-3F60-E58107460965}.Release|Any CPU.Build.0 = Release|Any CPU
		{2667FCE4-CCB2-12B0-5CC3-4CEFE85A72EB}.Debug|Any CPU.ActiveCfg = Debug|Any CPU
		{2667FCE4-CCB2-12B0-5CC3-4CEFE85A72EB}.Debug|Any CPU.Build.0 = Debug|Any CPU
		{2667FCE4-CCB2-12B0-5CC3-4CEFE85A72EB}.Release|Any CPU.ActiveCfg = Release|Any CPU
		{2667FCE4-CCB2-12B0-5CC3-4CEFE85A72EB}.Release|Any CPU.Build.0 = Release|Any CPU
		{2BCD4A29-6192-523A-BCBC-A31E8A5B0F89}.Debug|Any CPU.ActiveCfg = Debug|Any CPU
		{2BCD4A29-6192-523A-BCBC-A31E8A5B0F89}.Debug|Any CPU.Build.0 = Debug|Any CPU
		{2BCD4A29-6192-523A-BCBC-A31E8A5B0F89}.Release|Any CPU.ActiveCfg = Release|Any CPU
		{2BCD4A29-6192-523A-BCBC-A31E8A5B0F89}.Release|Any CPU.Build.0 = Release|Any CPU
		{20F39F9F-CC1B-8F78-B1A0-39A87237B206}.Debug|Any CPU.ActiveCfg = Debug|Any CPU
		{20F39F9F-CC1B-8F78-B1A0-39A87237B206}.Debug|Any CPU.Build.0 = Debug|Any CPU
		{20F39F9F-CC1B-8F78-B1A0-39A87237B206}.Release|Any CPU.ActiveCfg = Release|Any CPU
		{20F39F9F-CC1B-8F78-B1A0-39A87237B206}.Release|Any CPU.Build.0 = Release|Any CPU
		{CA31B564-C8D0-3A1B-9765-5BEFA29ECDD3}.Debug|Any CPU.ActiveCfg = Debug|Any CPU
		{CA31B564-C8D0-3A1B-9765-5BEFA29ECDD3}.Debug|Any CPU.Build.0 = Debug|Any CPU
		{CA31B564-C8D0-3A1B-9765-5BEFA29ECDD3}.Release|Any CPU.ActiveCfg = Release|Any CPU
		{CA31B564-C8D0-3A1B-9765-5BEFA29ECDD3}.Release|Any CPU.Build.0 = Release|Any CPU
		{9AC8BEB6-3E81-C413-FCE7-EEB044365F7F}.Debug|Any CPU.ActiveCfg = Debug|Any CPU
		{9AC8BEB6-3E81-C413-FCE7-EEB044365F7F}.Debug|Any CPU.Build.0 = Debug|Any CPU
		{9AC8BEB6-3E81-C413-FCE7-EEB044365F7F}.Release|Any CPU.ActiveCfg = Release|Any CPU
		{9AC8BEB6-3E81-C413-FCE7-EEB044365F7F}.Release|Any CPU.Build.0 = Release|Any CPU
		{EE9FCEEC-86DF-705E-6C99-E6D506445A3B}.Debug|Any CPU.ActiveCfg = Debug|Any CPU
		{EE9FCEEC-86DF-705E-6C99-E6D506445A3B}.Debug|Any CPU.Build.0 = Debug|Any CPU
		{EE9FCEEC-86DF-705E-6C99-E6D506445A3B}.Release|Any CPU.ActiveCfg = Release|Any CPU
		{EE9FCEEC-86DF-705E-6C99-E6D506445A3B}.Release|Any CPU.Build.0 = Release|Any CPU
		{97E2B601-E58A-52F7-94F3-2B04A6A79A95}.Debug|Any CPU.ActiveCfg = Debug|Any CPU
		{97E2B601-E58A-52F7-94F3-2B04A6A79A95}.Debug|Any CPU.Build.0 = Debug|Any CPU
		{97E2B601-E58A-52F7-94F3-2B04A6A79A95}.Release|Any CPU.ActiveCfg = Release|Any CPU
		{97E2B601-E58A-52F7-94F3-2B04A6A79A95}.Release|Any CPU.Build.0 = Release|Any CPU
		{CD4C9C37-549D-8FE5-66AC-FB843AC54FFF}.Debug|Any CPU.ActiveCfg = Debug|Any CPU
		{CD4C9C37-549D-8FE5-66AC-FB843AC54FFF}.Debug|Any CPU.Build.0 = Debug|Any CPU
		{CD4C9C37-549D-8FE5-66AC-FB843AC54FFF}.Release|Any CPU.ActiveCfg = Release|Any CPU
		{CD4C9C37-549D-8FE5-66AC-FB843AC54FFF}.Release|Any CPU.Build.0 = Release|Any CPU
		{34B3EA83-F68A-D07A-0103-1CD3B8C5FC19}.Debug|Any CPU.ActiveCfg = Debug|Any CPU
		{34B3EA83-F68A-D07A-0103-1CD3B8C5FC19}.Debug|Any CPU.Build.0 = Debug|Any CPU
		{34B3EA83-F68A-D07A-0103-1CD3B8C5FC19}.Release|Any CPU.ActiveCfg = Release|Any CPU
		{34B3EA83-F68A-D07A-0103-1CD3B8C5FC19}.Release|Any CPU.Build.0 = Release|Any CPU
		{D0CBDE37-4F1F-93FE-B608-343A18ACC0F9}.Debug|Any CPU.ActiveCfg = Debug|Any CPU
		{D0CBDE37-4F1F-93FE-B608-343A18ACC0F9}.Debug|Any CPU.Build.0 = Debug|Any CPU
		{D0CBDE37-4F1F-93FE-B608-343A18ACC0F9}.Release|Any CPU.ActiveCfg = Release|Any CPU
		{D0CBDE37-4F1F-93FE-B608-343A18ACC0F9}.Release|Any CPU.Build.0 = Release|Any CPU
		{9B3A1DEA-6459-16D9-3466-C21E7FA9B024}.Debug|Any CPU.ActiveCfg = Debug|Any CPU
		{9B3A1DEA-6459-16D9-3466-C21E7FA9B024}.Debug|Any CPU.Build.0 = Debug|Any CPU
		{9B3A1DEA-6459-16D9-3466-C21E7FA9B024}.Release|Any CPU.ActiveCfg = Release|Any CPU
		{9B3A1DEA-6459-16D9-3466-C21E7FA9B024}.Release|Any CPU.Build.0 = Release|Any CPU
		{8D8C121C-537F-C3DF-9CA5-A6EFA5B825FF}.Debug|Any CPU.ActiveCfg = Debug|Any CPU
		{8D8C121C-537F-C3DF-9CA5-A6EFA5B825FF}.Debug|Any CPU.Build.0 = Debug|Any CPU
		{8D8C121C-537F-C3DF-9CA5-A6EFA5B825FF}.Release|Any CPU.ActiveCfg = Release|Any CPU
		{8D8C121C-537F-C3DF-9CA5-A6EFA5B825FF}.Release|Any CPU.Build.0 = Release|Any CPU
		{88FE8F52-FAB3-6047-3A76-10EDE1A77ADF}.Debug|Any CPU.ActiveCfg = Debug|Any CPU
		{88FE8F52-FAB3-6047-3A76-10EDE1A77ADF}.Debug|Any CPU.Build.0 = Debug|Any CPU
		{88FE8F52-FAB3-6047-3A76-10EDE1A77ADF}.Release|Any CPU.ActiveCfg = Release|Any CPU
		{88FE8F52-FAB3-6047-3A76-10EDE1A77ADF}.Release|Any CPU.Build.0 = Release|Any CPU
		{F07D918B-FC2E-022C-34BA-4D83A3963E08}.Debug|Any CPU.ActiveCfg = Debug|Any CPU
		{F07D918B-FC2E-022C-34BA-4D83A3963E08}.Debug|Any CPU.Build.0 = Debug|Any CPU
		{F07D918B-FC2E-022C-34BA-4D83A3963E08}.Release|Any CPU.ActiveCfg = Release|Any CPU
		{F07D918B-FC2E-022C-34BA-4D83A3963E08}.Release|Any CPU.Build.0 = Release|Any CPU
		{979C0253-02AA-3FF2-6F5C-66F3488617C0}.Debug|Any CPU.ActiveCfg = Debug|Any CPU
		{979C0253-02AA-3FF2-6F5C-66F3488617C0}.Debug|Any CPU.Build.0 = Debug|Any CPU
		{979C0253-02AA-3FF2-6F5C-66F3488617C0}.Release|Any CPU.ActiveCfg = Release|Any CPU
		{979C0253-02AA-3FF2-6F5C-66F3488617C0}.Release|Any CPU.Build.0 = Release|Any CPU
		{D7748FB6-4782-2CE7-C48C-C92E86178697}.Debug|Any CPU.ActiveCfg = Debug|Any CPU
		{D7748FB6-4782-2CE7-C48C-C92E86178697}.Debug|Any CPU.Build.0 = Debug|Any CPU
		{D7748FB6-4782-2CE7-C48C-C92E86178697}.Release|Any CPU.ActiveCfg = Release|Any CPU
		{D7748FB6-4782-2CE7-C48C-C92E86178697}.Release|Any CPU.Build.0 = Release|Any CPU
		{DED05CAA-C8CC-6F7F-B96D-8D876D99B02B}.Debug|Any CPU.ActiveCfg = Debug|Any CPU
		{DED05CAA-C8CC-6F7F-B96D-8D876D99B02B}.Debug|Any CPU.Build.0 = Debug|Any CPU
		{DED05CAA-C8CC-6F7F-B96D-8D876D99B02B}.Release|Any CPU.ActiveCfg = Release|Any CPU
		{DED05CAA-C8CC-6F7F-B96D-8D876D99B02B}.Release|Any CPU.Build.0 = Release|Any CPU
		{19D9AF6B-DF9D-7A25-D8A5-20D2F388AD41}.Debug|Any CPU.ActiveCfg = Debug|Any CPU
		{19D9AF6B-DF9D-7A25-D8A5-20D2F388AD41}.Debug|Any CPU.Build.0 = Debug|Any CPU
		{19D9AF6B-DF9D-7A25-D8A5-20D2F388AD41}.Release|Any CPU.ActiveCfg = Release|Any CPU
		{19D9AF6B-DF9D-7A25-D8A5-20D2F388AD41}.Release|Any CPU.Build.0 = Release|Any CPU
		{396AF1A4-DE56-6C7D-EAD7-0CC829CBDA02}.Debug|Any CPU.ActiveCfg = Debug|Any CPU
		{396AF1A4-DE56-6C7D-EAD7-0CC829CBDA02}.Debug|Any CPU.Build.0 = Debug|Any CPU
		{396AF1A4-DE56-6C7D-EAD7-0CC829CBDA02}.Release|Any CPU.ActiveCfg = Release|Any CPU
		{396AF1A4-DE56-6C7D-EAD7-0CC829CBDA02}.Release|Any CPU.Build.0 = Release|Any CPU
		{8FDBCC8B-0223-8E2D-EA3E-54C96BBA685C}.Debug|Any CPU.ActiveCfg = Debug|Any CPU
		{8FDBCC8B-0223-8E2D-EA3E-54C96BBA685C}.Debug|Any CPU.Build.0 = Debug|Any CPU
		{8FDBCC8B-0223-8E2D-EA3E-54C96BBA685C}.Release|Any CPU.ActiveCfg = Release|Any CPU
		{8FDBCC8B-0223-8E2D-EA3E-54C96BBA685C}.Release|Any CPU.Build.0 = Release|Any CPU
		{E247B275-C6B3-3E29-D056-2B25DDDBC8FD}.Debug|Any CPU.ActiveCfg = Debug|Any CPU
		{E247B275-C6B3-3E29-D056-2B25DDDBC8FD}.Debug|Any CPU.Build.0 = Debug|Any CPU
		{E247B275-C6B3-3E29-D056-2B25DDDBC8FD}.Release|Any CPU.ActiveCfg = Release|Any CPU
		{E247B275-C6B3-3E29-D056-2B25DDDBC8FD}.Release|Any CPU.Build.0 = Release|Any CPU
		{3CF201B2-F65E-EAAC-FFDF-2DD01F9F43B5}.Debug|Any CPU.ActiveCfg = Debug|Any CPU
		{3CF201B2-F65E-EAAC-FFDF-2DD01F9F43B5}.Debug|Any CPU.Build.0 = Debug|Any CPU
		{3CF201B2-F65E-EAAC-FFDF-2DD01F9F43B5}.Release|Any CPU.ActiveCfg = Release|Any CPU
		{3CF201B2-F65E-EAAC-FFDF-2DD01F9F43B5}.Release|Any CPU.Build.0 = Release|Any CPU
		{D912AA88-CFE0-28A2-2E08-989CD83E5F9E}.Debug|Any CPU.ActiveCfg = Debug|Any CPU
		{D912AA88-CFE0-28A2-2E08-989CD83E5F9E}.Debug|Any CPU.Build.0 = Debug|Any CPU
		{D912AA88-CFE0-28A2-2E08-989CD83E5F9E}.Release|Any CPU.ActiveCfg = Release|Any CPU
		{D912AA88-CFE0-28A2-2E08-989CD83E5F9E}.Release|Any CPU.Build.0 = Release|Any CPU
		{7E1F180B-690D-51A1-8333-20848A9A1BBE}.Debug|Any CPU.ActiveCfg = Debug|Any CPU
		{7E1F180B-690D-51A1-8333-20848A9A1BBE}.Debug|Any CPU.Build.0 = Debug|Any CPU
		{7E1F180B-690D-51A1-8333-20848A9A1BBE}.Release|Any CPU.ActiveCfg = Release|Any CPU
		{7E1F180B-690D-51A1-8333-20848A9A1BBE}.Release|Any CPU.Build.0 = Release|Any CPU
		{6231F332-04DB-4929-8CAE-A58F2706EF6F}.Debug|Any CPU.ActiveCfg = Debug|Any CPU
		{6231F332-04DB-4929-8CAE-A58F2706EF6F}.Debug|Any CPU.Build.0 = Debug|Any CPU
		{6231F332-04DB-4929-8CAE-A58F2706EF6F}.Release|Any CPU.ActiveCfg = Release|Any CPU
		{6231F332-04DB-4929-8CAE-A58F2706EF6F}.Release|Any CPU.Build.0 = Release|Any CPU
		{98A83FF7-E483-F6E6-9CDB-C9CF33833DA8}.Debug|Any CPU.ActiveCfg = Debug|Any CPU
		{98A83FF7-E483-F6E6-9CDB-C9CF33833DA8}.Debug|Any CPU.Build.0 = Debug|Any CPU
		{98A83FF7-E483-F6E6-9CDB-C9CF33833DA8}.Release|Any CPU.ActiveCfg = Release|Any CPU
		{98A83FF7-E483-F6E6-9CDB-C9CF33833DA8}.Release|Any CPU.Build.0 = Release|Any CPU
		{1EB8E2A8-96F0-A78A-A1D6-9D3CBDF24310}.Debug|Any CPU.ActiveCfg = Debug|Any CPU
		{1EB8E2A8-96F0-A78A-A1D6-9D3CBDF24310}.Debug|Any CPU.Build.0 = Debug|Any CPU
		{1EB8E2A8-96F0-A78A-A1D6-9D3CBDF24310}.Release|Any CPU.ActiveCfg = Release|Any CPU
		{1EB8E2A8-96F0-A78A-A1D6-9D3CBDF24310}.Release|Any CPU.Build.0 = Release|Any CPU
		{5A2299BB-44D2-83E7-55A1-D455580BB5F4}.Debug|Any CPU.ActiveCfg = Debug|Any CPU
		{5A2299BB-44D2-83E7-55A1-D455580BB5F4}.Debug|Any CPU.Build.0 = Debug|Any CPU
		{5A2299BB-44D2-83E7-55A1-D455580BB5F4}.Release|Any CPU.ActiveCfg = Release|Any CPU
		{5A2299BB-44D2-83E7-55A1-D455580BB5F4}.Release|Any CPU.Build.0 = Release|Any CPU
		{2330F0F2-AAC0-1F2A-946D-8CDDF10E5A1B}.Debug|Any CPU.ActiveCfg = Debug|Any CPU
		{2330F0F2-AAC0-1F2A-946D-8CDDF10E5A1B}.Debug|Any CPU.Build.0 = Debug|Any CPU
		{2330F0F2-AAC0-1F2A-946D-8CDDF10E5A1B}.Release|Any CPU.ActiveCfg = Release|Any CPU
		{2330F0F2-AAC0-1F2A-946D-8CDDF10E5A1B}.Release|Any CPU.Build.0 = Release|Any CPU
		{E08ADCC4-5C15-B9E6-380C-02F25B1CBC89}.Debug|Any CPU.ActiveCfg = Debug|Any CPU
		{E08ADCC4-5C15-B9E6-380C-02F25B1CBC89}.Debug|Any CPU.Build.0 = Debug|Any CPU
		{E08ADCC4-5C15-B9E6-380C-02F25B1CBC89}.Release|Any CPU.ActiveCfg = Release|Any CPU
		{E08ADCC4-5C15-B9E6-380C-02F25B1CBC89}.Release|Any CPU.Build.0 = Release|Any CPU
		{7E213E90-FB92-DBA3-D784-58E7FFD131FC}.Debug|Any CPU.ActiveCfg = Debug|Any CPU
		{7E213E90-FB92-DBA3-D784-58E7FFD131FC}.Debug|Any CPU.Build.0 = Debug|Any CPU
		{7E213E90-FB92-DBA3-D784-58E7FFD131FC}.Release|Any CPU.ActiveCfg = Release|Any CPU
		{7E213E90-FB92-DBA3-D784-58E7FFD131FC}.Release|Any CPU.Build.0 = Release|Any CPU
		{2E7BFAF8-6338-26E6-E602-9B3034C02316}.Debug|Any CPU.ActiveCfg = Debug|Any CPU
		{2E7BFAF8-6338-26E6-E602-9B3034C02316}.Debug|Any CPU.Build.0 = Debug|Any CPU
		{2E7BFAF8-6338-26E6-E602-9B3034C02316}.Release|Any CPU.ActiveCfg = Release|Any CPU
		{2E7BFAF8-6338-26E6-E602-9B3034C02316}.Release|Any CPU.Build.0 = Release|Any CPU
		{46056296-16A6-017E-B62D-1647DB78C736}.Debug|Any CPU.ActiveCfg = Debug|Any CPU
		{46056296-16A6-017E-B62D-1647DB78C736}.Debug|Any CPU.Build.0 = Debug|Any CPU
		{46056296-16A6-017E-B62D-1647DB78C736}.Release|Any CPU.ActiveCfg = Release|Any CPU
		{46056296-16A6-017E-B62D-1647DB78C736}.Release|Any CPU.Build.0 = Release|Any CPU
		{C479E82A-A2E1-C07C-716A-D63E6D04A09B}.Debug|Any CPU.ActiveCfg = Debug|Any CPU
		{C479E82A-A2E1-C07C-716A-D63E6D04A09B}.Debug|Any CPU.Build.0 = Debug|Any CPU
		{C479E82A-A2E1-C07C-716A-D63E6D04A09B}.Release|Any CPU.ActiveCfg = Release|Any CPU
		{C479E82A-A2E1-C07C-716A-D63E6D04A09B}.Release|Any CPU.Build.0 = Release|Any CPU
		{1F1ACD15-8344-5148-09A5-6AF66E2986E1}.Debug|Any CPU.ActiveCfg = Debug|Any CPU
		{1F1ACD15-8344-5148-09A5-6AF66E2986E1}.Debug|Any CPU.Build.0 = Debug|Any CPU
		{1F1ACD15-8344-5148-09A5-6AF66E2986E1}.Release|Any CPU.ActiveCfg = Release|Any CPU
		{1F1ACD15-8344-5148-09A5-6AF66E2986E1}.Release|Any CPU.Build.0 = Release|Any CPU
		{589388BB-7773-0D7D-4F76-713BF9207E96}.Debug|Any CPU.ActiveCfg = Debug|Any CPU
		{589388BB-7773-0D7D-4F76-713BF9207E96}.Debug|Any CPU.Build.0 = Debug|Any CPU
		{589388BB-7773-0D7D-4F76-713BF9207E96}.Release|Any CPU.ActiveCfg = Release|Any CPU
		{589388BB-7773-0D7D-4F76-713BF9207E96}.Release|Any CPU.Build.0 = Release|Any CPU
	EndGlobalSection
	GlobalSection(SolutionProperties) = preSolution
		HideSolutionNode = FALSE
	EndGlobalSection
EndGlobal
